# This file is autogenerated, do not edit; changes may be undone by the next 'dep ensure'.


[[projects]]
  digest = "1:81d27cdca92f594a1d73b068d323c79f5003385eca27e1cd22cf177bffec725d"
  name = "github.com/devopsfaith/krakend"
  packages = [
    "config",
    "encoding",
    "logging",
    "proxy",
    "register",
    "register/internal",
    "sd",
    "transport/http/client",
  ]
  pruneopts = "UT"
  revision = "f82f671d8f1dc151d22949a5a3902f487c76ac23"
  version = "0.7.0"

[[projects]]
  branch = "master"
  digest = "1:c3cbd7046b40723107a9a31232846de2e5de8c2e6ff6890b453d5920d6fff193"
  name = "github.com/gregjones/httpcache"
  packages = ["."]
  pruneopts = "UT"
  revision = "9cad4c3443a7200dd6400aef47183728de563a38"

[[projects]]
  branch = "master"
  digest = "1:76ee51c3f468493aff39dbacc401e8831fbb765104cbf613b89bef01cf4bad70"
  name = "golang.org/x/net"
  packages = ["context"]
  pruneopts = "UT"
  revision = "c44066c5c816ec500d459a2a324a753f78531ae0"

[[projects]]
  branch = "master"
  digest = "1:39ebcc2b11457b703ae9ee2e8cca0f68df21969c6102cb3b705f76cca0ea0239"
  name = "golang.org/x/sync"
  packages = ["errgroup"]
  pruneopts = "UT"
  revision = "1d60e4601c6fd243af51cc01ddf169918a5407ca"

[solve-meta]
  analyzer-name = "dep"
  analyzer-version = 1
  input-imports = [
    "github.com/devopsfaith/krakend/config",
    "github.com/devopsfaith/krakend/encoding",
    "github.com/devopsfaith/krakend/proxy",
    "github.com/devopsfaith/krakend/transport/http/client",
    "github.com/gregjones/httpcache",
    "golang.org/x/sync/errgroup",
  ]
  solver-name = "gps-cdcl"
  solver-version = 1
